
Microsoft Visual Studio Solution File, Format Version 12.00
# Visual Studio 2012
Project("{FAE04EC0-301F-11D3-BF4B-00C04F79EFBC}") = "TSnake", "TSnake.csproj", "{C647B628-C332-4F7F-8F54-8C6E25CA0AE5}"
EndProject
Global
	GlobalSection(SolutionConfigurationPlatforms) = preSolution
		Release|Any CPU = Release|Any CPU
	EndGlobalSection
	GlobalSection(ProjectConfigurationPlatforms) = postSolution
		{C647B628-C332-4F7F-8F54-8C6E25CA0AE5}.Release|Any CPU.ActiveCfg = Release|Any CPU
		{C647B628-C332-4F7F-8F54-8C6E25CA0AE5}.Release|Any CPU.Build.0 = Release|Any CPU
	EndGlobalSection
	GlobalSection(SolutionProperties) = preSolution
		HideSolutionNode = FALSE
	EndGlobalSection
EndGlobal
